
Microsoft Visual Studio Solution File, Format Version 12.00
# Visual Studio Version 17
VisualStudioVersion = 17.14.36414.22
MinimumVisualStudioVersion = 10.0.40219.1
Project("{2150E333-8FDC-42A3-9474-1A3956D46DE8}") = "Task0", "Task0", "{02EA681E-C7D8-13C7-8484-4AC65E1B71E8}"
EndProject
Project("{2150E333-8FDC-42A3-9474-1A3956D46DE8}") = "Task1", "Task1", "{DB1B45FD-AAFC-4C04-AEB2-D67455781C36}"
EndProject
Project("{2150E333-8FDC-42A3-9474-1A3956D46DE8}") = "Task2", "Task2", "{F58937AC-4BA9-4D40-8C65-54B489EE897D}"
EndProject
Project("{2150E333-8FDC-42A3-9474-1A3956D46DE8}") = "Task3", "Task3", "{EE3A485D-8D65-4B19-8A7F-213201335E07}"
EndProject
Project("{2150E333-8FDC-42A3-9474-1A3956D46DE8}") = "Task4", "Task4", "{616D73BA-0FF0-435B-ADD0-66948FB59F86}"
EndProject
Project("{2150E333-8FDC-42A3-9474-1A3956D46DE8}") = "Task5", "Task5", "{087FD518-1434-420D-A295-44898A1DED5B}"
EndProject
Project("{2150E333-8FDC-42A3-9474-1A3956D46DE8}") = "Task6", "Task6", "{31C99456-7761-417E-89C1-7F17DAB42F3F}"
EndProject
Project("{2150E333-8FDC-42A3-9474-1A3956D46DE8}") = "Task7", "Task7", "{176FEB94-53CD-4529-80F1-FE25050EDB22}"
EndProject
Project("{FAE04EC0-301F-11D3-BF4B-00C04F79EFBC}") = "Tyuiu.NasadukJA.Sprint6.Task0.V3.Lib", "Tyuiu.NasadukJA.Sprint6.Task0.V3.Lib\Tyuiu.NasadukJA.Sprint6.Task0.V3.Lib.csproj", "{463C44BF-C35C-4277-B672-7BF176889C76}"
EndProject
Project("{FAE04EC0-301F-11D3-BF4B-00C04F79EFBC}") = "Tyuiu.NasadukJA.Sprint6.Task0.V3.Test", "Tyuiu.NasadukJA.Sprint6.Task0.V3.Test\Tyuiu.NasadukJA.Sprint6.Task0.V3.Test.csproj", "{203A9AFF-55A7-4A58-BE58-EDC0D5CB69A0}"
EndProject
Project("{FAE04EC0-301F-11D3-BF4B-00C04F79EFBC}") = "Tyuiu.NasadukJA.Sprint6.Task1.V21.Test", "Tyuiu.NasadukJA.Sprint6.Task1.V21.Test\Tyuiu.NasadukJA.Sprint6.Task1.V21.Test.csproj", "{4C7C8F2A-7F3A-4248-9B1D-88B23DA4F76B}"
EndProject
Project("{FAE04EC0-301F-11D3-BF4B-00C04F79EFBC}") = "Tyuiu.NasadukJA.Sprint6.Task1.V21.Lib", "Tyuiu.NasadukJA.Sprint6.Task1.V21.Lib\Tyuiu.NasadukJA.Sprint6.Task1.V21.Lib.csproj", "{DBAC8C15-D221-4786-A764-B71D0FD4DF21}"
EndProject
Project("{FAE04EC0-301F-11D3-BF4B-00C04F79EFBC}") = "Tyuiu.NasadukJA.Sprint6.Task2.V29.Lib", "Tyuiu.NasadukJA.Sprint6.Task2.V29.Lib\Tyuiu.NasadukJA.Sprint6.Task2.V29.Lib.csproj", "{06524123-48FF-4775-A300-C14401DAA815}"
EndProject
Project("{FAE04EC0-301F-11D3-BF4B-00C04F79EFBC}") = "Tyuiu.NasadukJA.Sprint6.Task2.V29.Test", "Tyuiu.NasadukJA.Sprint6.Task2.V29.Test\Tyuiu.NasadukJA.Sprint6.Task2.V29.Test.csproj", "{7EC27014-262A-4594-ADAA-5C3FF8568BA3}"
EndProject
Project("{FAE04EC0-301F-11D3-BF4B-00C04F79EFBC}") = "Tyuiu.NasadukJA.Sprint6.Task3.V9.Test", "Tyuiu.NasadukJA.Sprint6.Task3.V9.Test\Tyuiu.NasadukJA.Sprint6.Task3.V9.Test.csproj", "{4614773F-EB0A-4DB3-BAE3-B756152AD2AA}"
EndProject
Project("{FAE04EC0-301F-11D3-BF4B-00C04F79EFBC}") = "Tyuiu.NasadukJA.Sprint6.Task3.V9.Lib", "Tyuiu.NasadukJA.Sprint6.Task3.V9.Lib\Tyuiu.NasadukJA.Sprint6.Task3.V9.Lib.csproj", "{5D314869-DA95-4525-85CF-91AC84502D2C}"
EndProject
Project("{FAE04EC0-301F-11D3-BF4B-00C04F79EFBC}") = "Tyuiu.NasadukJA.Sprint6.Task4.V21.Lib", "Tyuiu.NasadukJA.Sprint6.Task4.V21.Lib\Tyuiu.NasadukJA.Sprint6.Task4.V21.Lib.csproj", "{9139B9FB-5962-4C04-AF50-F7CE65DEFC74}"
EndProject
Project("{FAE04EC0-301F-11D3-BF4B-00C04F79EFBC}") = "Tyuiu.NasadukJA.Sprint6.Task4.V21.Test", "Tyuiu.NasadukJA.Sprint6.Task4.V21.Test\Tyuiu.NasadukJA.Sprint6.Task4.V21.Test.csproj", "{6D0EE411-8B14-4219-9FA1-1DE3F2564C8E}"
EndProject
Project("{FAE04EC0-301F-11D3-BF4B-00C04F79EFBC}") = "Tyuiu.NasadukJA.Sprint6.Task5.V29.Test", "Tyuiu.NasadukJA.Sprint6.Task5.V29.Test\Tyuiu.NasadukJA.Sprint6.Task5.V29.Test.csproj", "{0118D022-30D7-4DFC-A6A8-EEF85DDA93A1}"
EndProject
Project("{FAE04EC0-301F-11D3-BF4B-00C04F79EFBC}") = "Tyuiu.NasadukJA.Sprint6.Task5.V29.Lib", "Tyuiu.NasadukJA.Sprint6.Task5.V29.Lib\Tyuiu.NasadukJA.Sprint6.Task5.V29.Lib.csproj", "{9986B912-4209-45FD-B731-93D4E9EE6A03}"
EndProject
Project("{FAE04EC0-301F-11D3-BF4B-00C04F79EFBC}") = "Tyuiu.NasadukJA.Sprint6.Task6.V10.Lib", "Tyuiu.NasadukJA.Sprint6.Task6.V10.Lib\Tyuiu.NasadukJA.Sprint6.Task6.V10.Lib.csproj", "{E518208D-1007-4EA4-BEE2-0DC3948E35DC}"
EndProject
Project("{FAE04EC0-301F-11D3-BF4B-00C04F79EFBC}") = "Tyuiu.NasadukJA.Sprint6.Task6.V10.Test", "Tyuiu.NasadukJA.Sprint6.Task6.V10.Test\Tyuiu.NasadukJA.Sprint6.Task6.V10.Test.csproj", "{9F665300-3F97-49C9-BEA0-F5E03347CC2D}"
EndProject
Project("{FAE04EC0-301F-11D3-BF4B-00C04F79EFBC}") = "Tyuiu.NasadukJA.Sprint6.Task7.V19.Test", "Tyuiu.NasadukJA.Sprint6.Task7.V19.Test\Tyuiu.NasadukJA.Sprint6.Task7.V19.Test.csproj", "{0354B780-79B8-4C01-9BA4-7D37949CA229}"
EndProject
Project("{FAE04EC0-301F-11D3-BF4B-00C04F79EFBC}") = "Tyuiu.NasadukJA.Sprint6.Task7.V19.Lib", "Tyuiu.NasadukJA.Sprint6.Task7.V19.Lib\Tyuiu.NasadukJA.Sprint6.Task7.V19.Lib.csproj", "{17054AE8-D75B-47AA-B0A8-7FE2106B88BA}"
EndProject
Project("{FAE04EC0-301F-11D3-BF4B-00C04F79EFBC}") = "Tyuiu.NasadukJA.Sprint6.Task0.V3", "Tyuiu.NasadukJA.Sprint6.Task0.V3\Tyuiu.NasadukJA.Sprint6.Task0.V3.csproj", "{31E090D9-EE86-4DB2-AB01-5A2013E0CCD7}"
EndProject
Project("{FAE04EC0-301F-11D3-BF4B-00C04F79EFBC}") = "Tyuiu.NasadukJA.Sprint6.Task1.V21", "Tyuiu.NasadukJA.Sprint6.Task1.V21\Tyuiu.NasadukJA.Sprint6.Task1.V21.csproj", "{5348E114-C45F-479B-B9DB-6977A49C0917}"
EndProject
Project("{FAE04EC0-301F-11D3-BF4B-00C04F79EFBC}") = "Tyuiu.NasadukJA.Sprint6.Task2.V29", "Tyuiu.NasadukJA.Sprint6.Task2.V29\Tyuiu.NasadukJA.Sprint6.Task2.V29.csproj", "{7C69C801-D6A6-42ED-B4E3-30177B58AD52}"
EndProject
Project("{FAE04EC0-301F-11D3-BF4B-00C04F79EFBC}") = "Tyuiu.NasadukJA.Sprint6.Task3.V9", "Tyuiu.NasadukJA.Sprint6.Task3.V9\Tyuiu.NasadukJA.Sprint6.Task3.V9.csproj", "{7456542E-0590-426D-A7C3-C2DD6BE7F38D}"
EndProject
Project("{FAE04EC0-301F-11D3-BF4B-00C04F79EFBC}") = "Tyuiu.NasadukJA.Sprint6.Task4.V21", "Tyuiu.NasadukJA.Sprint6.Task4.V21\Tyuiu.NasadukJA.Sprint6.Task4.V21.csproj", "{F206401A-EB49-4EC1-B74B-C7ABA79F049F}"
EndProject
Project("{FAE04EC0-301F-11D3-BF4B-00C04F79EFBC}") = "Tyuiu.NasadukJA.Sprint6.Task5.V29", "Tyuiu.NasadukJA.Sprint6.Task5.V29\Tyuiu.NasadukJA.Sprint6.Task5.V29.csproj", "{16EF4433-7E31-42E2-8C2E-E398CF62E15E}"
EndProject
Project("{FAE04EC0-301F-11D3-BF4B-00C04F79EFBC}") = "Tyuiu.NasadukJA.Sprint6.Task6.V10", "Tyuiu.NasadukJA.Sprint6.Task6.V10\Tyuiu.NasadukJA.Sprint6.Task6.V10.csproj", "{F19A2358-0FF3-4279-833B-16D4765F86EA}"
EndProject
Project("{FAE04EC0-301F-11D3-BF4B-00C04F79EFBC}") = "Tyuiu.NasadukJA.Sprint6.Task7.V19", "Tyuiu.NasadukJA.Sprint6.Task7.V19\Tyuiu.NasadukJA.Sprint6.Task7.V19.csproj", "{82A32992-DBC5-4CC3-A5EB-EF6DF38B1265}"
EndProject
Global
	GlobalSection(SolutionConfigurationPlatforms) = preSolution
		Debug|Any CPU = Debug|Any CPU
		Release|Any CPU = Release|Any CPU
	EndGlobalSection
	GlobalSection(ProjectConfigurationPlatforms) = postSolution
		{463C44BF-C35C-4277-B672-7BF176889C76}.Debug|Any CPU.ActiveCfg = Debug|Any CPU
		{463C44BF-C35C-4277-B672-7BF176889C76}.Debug|Any CPU.Build.0 = Debug|Any CPU
		{463C44BF-C35C-4277-B672-7BF176889C76}.Release|Any CPU.ActiveCfg = Release|Any CPU
		{463C44BF-C35C-4277-B672-7BF176889C76}.Release|Any CPU.Build.0 = Release|Any CPU
		{203A9AFF-55A7-4A58-BE58-EDC0D5CB69A0}.Debug|Any CPU.ActiveCfg = Debug|Any CPU
		{203A9AFF-55A7-4A58-BE58-EDC0D5CB69A0}.Debug|Any CPU.Build.0 = Debug|Any CPU
		{203A9AFF-55A7-4A58-BE58-EDC0D5CB69A0}.Release|Any CPU.ActiveCfg = Release|Any CPU
		{203A9AFF-55A7-4A58-BE58-EDC0D5CB69A0}.Release|Any CPU.Build.0 = Release|Any CPU
		{4C7C8F2A-7F3A-4248-9B1D-88B23DA4F76B}.Debug|Any CPU.ActiveCfg = Debug|Any CPU
		{4C7C8F2A-7F3A-4248-9B1D-88B23DA4F76B}.Debug|Any CPU.Build.0 = Debug|Any CPU
		{4C7C8F2A-7F3A-4248-9B1D-88B23DA4F76B}.Release|Any CPU.ActiveCfg = Release|Any CPU
		{4C7C8F2A-7F3A-4248-9B1D-88B23DA4F76B}.Release|Any CPU.Build.0 = Release|Any CPU
		{DBAC8C15-D221-4786-A764-B71D0FD4DF21}.Debug|Any CPU.ActiveCfg = Debug|Any CPU
		{DBAC8C15-D221-4786-A764-B71D0FD4DF21}.Debug|Any CPU.Build.0 = Debug|Any CPU
		{DBAC8C15-D221-4786-A764-B71D0FD4DF21}.Release|Any CPU.ActiveCfg = Release|Any CPU
		{DBAC8C15-D221-4786-A764-B71D0FD4DF21}.Release|Any CPU.Build.0 = Release|Any CPU
		{06524123-48FF-4775-A300-C14401DAA815}.Debug|Any CPU.ActiveCfg = Debug|Any CPU
		{06524123-48FF-4775-A300-C14401DAA815}.Debug|Any CPU.Build.0 = Debug|Any CPU
		{06524123-48FF-4775-A300-C14401DAA815}.Release|Any CPU.ActiveCfg = Release|Any CPU
		{06524123-48FF-4775-A300-C14401DAA815}.Release|Any CPU.Build.0 = Release|Any CPU
		{7EC27014-262A-4594-ADAA-5C3FF8568BA3}.Debug|Any CPU.ActiveCfg = Debug|Any CPU
		{7EC27014-262A-4594-ADAA-5C3FF8568BA3}.Debug|Any CPU.Build.0 = Debug|Any CPU
		{7EC27014-262A-4594-ADAA-5C3FF8568BA3}.Release|Any CPU.ActiveCfg = Release|Any CPU
		{7EC27014-262A-4594-ADAA-5C3FF8568BA3}.Release|Any CPU.Build.0 = Release|Any CPU
		{4614773F-EB0A-4DB3-BAE3-B756152AD2AA}.Debug|Any CPU.ActiveCfg = Debug|Any CPU
		{4614773F-EB0A-4DB3-BAE3-B756152AD2AA}.Debug|Any CPU.Build.0 = Debug|Any CPU
		{4614773F-EB0A-4DB3-BAE3-B756152AD2AA}.Release|Any CPU.ActiveCfg = Release|Any CPU
		{4614773F-EB0A-4DB3-BAE3-B756152AD2AA}.Release|Any CPU.Build.0 = Release|Any CPU
		{5D314869-DA95-4525-85CF-91AC84502D2C}.Debug|Any CPU.ActiveCfg = Debug|Any CPU
		{5D314869-DA95-4525-85CF-91AC84502D2C}.Debug|Any CPU.Build.0 = Debug|Any CPU
		{5D314869-DA95-4525-85CF-91AC84502D2C}.Release|Any CPU.ActiveCfg = Release|Any CPU
		{5D314869-DA95-4525-85CF-91AC84502D2C}.Release|Any CPU.Build.0 = Release|Any CPU
		{9139B9FB-5962-4C04-AF50-F7CE65DEFC74}.Debug|Any CPU.ActiveCfg = Debug|Any CPU
		{9139B9FB-5962-4C04-AF50-F7CE65DEFC74}.Debug|Any CPU.Build.0 = Debug|Any CPU
		{9139B9FB-5962-4C04-AF50-F7CE65DEFC74}.Release|Any CPU.ActiveCfg = Release|Any CPU
		{9139B9FB-5962-4C04-AF50-F7CE65DEFC74}.Release|Any CPU.Build.0 = Release|Any CPU
		{6D0EE411-8B14-4219-9FA1-1DE3F2564C8E}.Debug|Any CPU.ActiveCfg = Debug|Any CPU
		{6D0EE411-8B14-4219-9FA1-1DE3F2564C8E}.Debug|Any CPU.Build.0 = Debug|Any CPU
		{6D0EE411-8B14-4219-9FA1-1DE3F2564C8E}.Release|Any CPU.ActiveCfg = Release|Any CPU
		{6D0EE411-8B14-4219-9FA1-1DE3F2564C8E}.Release|Any CPU.Build.0 = Release|Any CPU
		{0118D022-30D7-4DFC-A6A8-EEF85DDA93A1}.Debug|Any CPU.ActiveCfg = Debug|Any CPU
		{0118D022-30D7-4DFC-A6A8-EEF85DDA93A1}.Debug|Any CPU.Build.0 = Debug|Any CPU
		{0118D022-30D7-4DFC-A6A8-EEF85DDA93A1}.Release|Any CPU.ActiveCfg = Release|Any CPU
		{0118D022-30D7-4DFC-A6A8-EEF85DDA93A1}.Release|Any CPU.Build.0 = Release|Any CPU
		{9986B912-4209-45FD-B731-93D4E9EE6A03}.Debug|Any CPU.ActiveCfg = Debug|Any CPU
		{9986B912-4209-45FD-B731-93D4E9EE6A03}.Debug|Any CPU.Build.0 = Debug|Any CPU
		{9986B912-4209-45FD-B731-93D4E9EE6A03}.Release|Any CPU.ActiveCfg = Release|Any CPU
		{9986B912-4209-45FD-B731-93D4E9EE6A03}.Release|Any CPU.Build.0 = Release|Any CPU
		{E518208D-1007-4EA4-BEE2-0DC3948E35DC}.Debug|Any CPU.ActiveCfg = Debug|Any CPU
		{E518208D-1007-4EA4-BEE2-0DC3948E35DC}.Debug|Any CPU.Build.0 = Debug|Any CPU
		{E518208D-1007-4EA4-BEE2-0DC3948E35DC}.Release|Any CPU.ActiveCfg = Release|Any CPU
		{E518208D-1007-4EA4-BEE2-0DC3948E35DC}.Release|Any CPU.Build.0 = Release|Any CPU
		{9F665300-3F97-49C9-BEA0-F5E03347CC2D}.Debug|Any CPU.ActiveCfg = Debug|Any CPU
		{9F665300-3F97-49C9-BEA0-F5E03347CC2D}.Debug|Any CPU.Build.0 = Debug|Any CPU
		{9F665300-3F97-49C9-BEA0-F5E03347CC2D}.Release|Any CPU.ActiveCfg = Release|Any CPU
		{9F665300-3F97-49C9-BEA0-F5E03347CC2D}.Release|Any CPU.Build.0 = Release|Any CPU
		{0354B780-79B8-4C01-9BA4-7D37949CA229}.Debug|Any CPU.ActiveCfg = Debug|Any CPU
		{0354B780-79B8-4C01-9BA4-7D37949CA229}.Debug|Any CPU.Build.0 = Debug|Any CPU
		{0354B780-79B8-4C01-9BA4-7D37949CA229}.Release|Any CPU.ActiveCfg = Release|Any CPU
		{0354B780-79B8-4C01-9BA4-7D37949CA229}.Release|Any CPU.Build.0 = Release|Any CPU
		{17054AE8-D75B-47AA-B0A8-7FE2106B88BA}.Debug|Any CPU.ActiveCfg = Debug|Any CPU
		{17054AE8-D75B-47AA-B0A8-7FE2106B88BA}.Debug|Any CPU.Build.0 = Debug|Any CPU
		{17054AE8-D75B-47AA-B0A8-7FE2106B88BA}.Release|Any CPU.ActiveCfg = Release|Any CPU
		{17054AE8-D75B-47AA-B0A8-7FE2106B88BA}.Release|Any CPU.Build.0 = Release|Any CPU
		{31E090D9-EE86-4DB2-AB01-5A2013E0CCD7}.Debug|Any CPU.ActiveCfg = Debug|Any CPU
		{31E090D9-EE86-4DB2-AB01-5A2013E0CCD7}.Debug|Any CPU.Build.0 = Debug|Any CPU
		{31E090D9-EE86-4DB2-AB01-5A2013E0CCD7}.Release|Any CPU.ActiveCfg = Release|Any CPU
		{31E090D9-EE86-4DB2-AB01-5A2013E0CCD7}.Release|Any CPU.Build.0 = Release|Any CPU
		{5348E114-C45F-479B-B9DB-6977A49C0917}.Debug|Any CPU.ActiveCfg = Debug|Any CPU
		{5348E114-C45F-479B-B9DB-6977A49C0917}.Debug|Any CPU.Build.0 = Debug|Any CPU
		{5348E114-C45F-479B-B9DB-6977A49C0917}.Release|Any CPU.ActiveCfg = Release|Any CPU
		{5348E114-C45F-479B-B9DB-6977A49C0917}.Release|Any CPU.Build.0 = Release|Any CPU
		{7C69C801-D6A6-42ED-B4E3-30177B58AD52}.Debug|Any CPU.ActiveCfg = Debug|Any CPU
		{7C69C801-D6A6-42ED-B4E3-30177B58AD52}.Debug|Any CPU.Build.0 = Debug|Any CPU
		{7C69C801-D6A6-42ED-B4E3-30177B58AD52}.Release|Any CPU.ActiveCfg = Release|Any CPU
		{7C69C801-D6A6-42ED-B4E3-30177B58AD52}.Release|Any CPU.Build.0 = Release|Any CPU
		{7456542E-0590-426D-A7C3-C2DD6BE7F38D}.Debug|Any CPU.ActiveCfg = Debug|Any CPU
		{7456542E-0590-426D-A7C3-C2DD6BE7F38D}.Debug|Any CPU.Build.0 = Debug|Any CPU
		{7456542E-0590-426D-A7C3-C2DD6BE7F38D}.Release|Any CPU.ActiveCfg = Release|Any CPU
		{7456542E-0590-426D-A7C3-C2DD6BE7F38D}.Release|Any CPU.Build.0 = Release|Any CPU
		{F206401A-EB49-4EC1-B74B-C7ABA79F049F}.Debug|Any CPU.ActiveCfg = Debug|Any CPU
		{F206401A-EB49-4EC1-B74B-C7ABA79F049F}.Debug|Any CPU.Build.0 = Debug|Any CPU
		{F206401A-EB49-4EC1-B74B-C7ABA79F049F}.Release|Any CPU.ActiveCfg = Release|Any CPU
		{F206401A-EB49-4EC1-B74B-C7ABA79F049F}.Release|Any CPU.Build.0 = Release|Any CPU
		{16EF4433-7E31-42E2-8C2E-E398CF62E15E}.Debug|Any CPU.ActiveCfg = Debug|Any CPU
		{16EF4433-7E31-42E2-8C2E-E398CF62E15E}.Debug|Any CPU.Build.0 = Debug|Any CPU
		{16EF4433-7E31-42E2-8C2E-E398CF62E15E}.Release|Any CPU.ActiveCfg = Release|Any CPU
		{16EF4433-7E31-42E2-8C2E-E398CF62E15E}.Release|Any CPU.Build.0 = Release|Any CPU
		{F19A2358-0FF3-4279-833B-16D4765F86EA}.Debug|Any CPU.ActiveCfg = Debug|Any CPU
		{F19A2358-0FF3-4279-833B-16D4765F86EA}.Debug|Any CPU.Build.0 = Debug|Any CPU
		{F19A2358-0FF3-4279-833B-16D4765F86EA}.Release|Any CPU.ActiveCfg = Release|Any CPU
		{F19A2358-0FF3-4279-833B-16D4765F86EA}.Release|Any CPU.Build.0 = Release|Any CPU
		{82A32992-DBC5-4CC3-A5EB-EF6DF38B1265}.Debug|Any CPU.ActiveCfg = Debug|Any CPU
		{82A32992-DBC5-4CC3-A5EB-EF6DF38B1265}.Debug|Any CPU.Build.0 = Debug|Any CPU
		{82A32992-DBC5-4CC3-A5EB-EF6DF38B1265}.Release|Any CPU.ActiveCfg = Release|Any CPU
		{82A32992-DBC5-4CC3-A5EB-EF6DF38B1265}.Release|Any CPU.Build.0 = Release|Any CPU
	EndGlobalSection
	GlobalSection(SolutionProperties) = preSolution
		HideSolutionNode = FALSE
	EndGlobalSection
	GlobalSection(NestedProjects) = preSolution
		{463C44BF-C35C-4277-B672-7BF176889C76} = {02EA681E-C7D8-13C7-8484-4AC65E1B71E8}
		{203A9AFF-55A7-4A58-BE58-EDC0D5CB69A0} = {02EA681E-C7D8-13C7-8484-4AC65E1B71E8}
		{4C7C8F2A-7F3A-4248-9B1D-88B23DA4F76B} = {DB1B45FD-AAFC-4C04-AEB2-D67455781C36}
		{DBAC8C15-D221-4786-A764-B71D0FD4DF21} = {DB1B45FD-AAFC-4C04-AEB2-D67455781C36}
		{06524123-48FF-4775-A300-C14401DAA815} = {F58937AC-4BA9-4D40-8C65-54B489EE897D}
		{7EC27014-262A-4594-ADAA-5C3FF8568BA3} = {F58937AC-4BA9-4D40-8C65-54B489EE897D}
		{4614773F-EB0A-4DB3-BAE3-B756152AD2AA} = {EE3A485D-8D65-4B19-8A7F-213201335E07}
		{5D314869-DA95-4525-85CF-91AC84502D2C} = {EE3A485D-8D65-4B19-8A7F-213201335E07}
		{9139B9FB-5962-4C04-AF50-F7CE65DEFC74} = {616D73BA-0FF0-435B-ADD0-66948FB59F86}
		{6D0EE411-8B14-4219-9FA1-1DE3F2564C8E} = {616D73BA-0FF0-435B-ADD0-66948FB59F86}
		{0118D022-30D7-4DFC-A6A8-EEF85DDA93A1} = {087FD518-1434-420D-A295-44898A1DED5B}
		{9986B912-4209-45FD-B731-93D4E9EE6A03} = {087FD518-1434-420D-A295-44898A1DED5B}
		{E518208D-1007-4EA4-BEE2-0DC3948E35DC} = {31C99456-7761-417E-89C1-7F17DAB42F3F}
		{9F665300-3F97-49C9-BEA0-F5E03347CC2D} = {31C99456-7761-417E-89C1-7F17DAB42F3F}
		{0354B780-79B8-4C01-9BA4-7D37949CA229} = {176FEB94-53CD-4529-80F1-FE25050EDB22}
		{17054AE8-D75B-47AA-B0A8-7FE2106B88BA} = {176FEB94-53CD-4529-80F1-FE25050EDB22}
		{31E090D9-EE86-4DB2-AB01-5A2013E0CCD7} = {02EA681E-C7D8-13C7-8484-4AC65E1B71E8}
		{5348E114-C45F-479B-B9DB-6977A49C0917} = {DB1B45FD-AAFC-4C04-AEB2-D67455781C36}
		{7C69C801-D6A6-42ED-B4E3-30177B58AD52} = {F58937AC-4BA9-4D40-8C65-54B489EE897D}
		{7456542E-0590-426D-A7C3-C2DD6BE7F38D} = {EE3A485D-8D65-4B19-8A7F-213201335E07}
		{F206401A-EB49-4EC1-B74B-C7ABA79F049F} = {616D73BA-0FF0-435B-ADD0-66948FB59F86}
		{16EF4433-7E31-42E2-8C2E-E398CF62E15E} = {087FD518-1434-420D-A295-44898A1DED5B}
		{F19A2358-0FF3-4279-833B-16D4765F86EA} = {31C99456-7761-417E-89C1-7F17DAB42F3F}
		{82A32992-DBC5-4CC3-A5EB-EF6DF38B1265} = {176FEB94-53CD-4529-80F1-FE25050EDB22}
	EndGlobalSection
	GlobalSection(ExtensibilityGlobals) = postSolution
		SolutionGuid = {0E945B9B-E615-480C-8198-34F11CD5B054}
	EndGlobalSection
EndGlobal
